
Microsoft Visual Studio Solution File, Format Version 12.00
# Visual Studio Version 16
VisualStudioVersion = 16.0.32106.194
MinimumVisualStudioVersion = 10.0.40219.1
Project("{FAE04EC0-301F-11D3-BF4B-00C04F79EFBC}") = "SpaceGame", "Project1\SpaceGame.csproj", "{48F46495-594E-4E4A-B81A-ECEC0E361E62}"
EndProject
Global
	GlobalSection(SolutionConfigurationPlatforms) = preSolution
		Debug|Any CPU = Debug|Any CPU
		Release|Any CPU = Release|Any CPU
	EndGlobalSection
	GlobalSection(ProjectConfigurationPlatforms) = postSolution
		{48F46495-594E-4E4A-B81A-ECEC0E361E62}.Debug|Any CPU.ActiveCfg = Debug|Any CPU
		{48F46495-594E-4E4A-B81A-ECEC0E361E62}.Debug|Any CPU.Build.0 = Debug|Any CPU
		{48F46495-594E-4E4A-B81A-ECEC0E361E62}.Release|Any CPU.ActiveCfg = Release|Any CPU
		{48F46495-594E-4E4A-B81A-ECEC0E361E62}.Release|Any CPU.Build.0 = Release|Any CPU
	EndGlobalSection
	GlobalSection(SolutionProperties) = preSolution
		HideSolutionNode = FALSE
	EndGlobalSection
	GlobalSection(ExtensibilityGlobals) = postSolution
		SolutionGuid = {4F8D7E7A-FB6E-4316-8391-BFDA5E3F23A5}
	EndGlobalSection
EndGlobal
